
Microsoft Visual Studio Solution File, Format Version 12.00
# Visual Studio Version 17
VisualStudioVersion = 17.0.31903.59
MinimumVisualStudioVersion = 10.0.40219.1
Project("{2150E333-8FDC-42A3-9474-1A3956D46DE8}") = "src", "src", "{E306EEC9-F1FB-437F-8796-24199F067802}"
EndProject
Project("{FAE04EC0-301F-11D3-BF4B-00C04F79EFBC}") = "VORTEX.Core", "src\VORTEX.Core\VORTEX.Core.csproj", "{20F41827-C553-4666-BC20-A1CA87C03D24}"
EndProject
Project("{FAE04EC0-301F-11D3-BF4B-00C04F79EFBC}") = "VORTEX.AIProviders", "src\VORTEX.AIProviders\VORTEX.AIProviders.csproj", "{A5E86800-482D-4F48-85B9-B5395EC7C7A5}"
EndProject
Project("{FAE04EC0-301F-11D3-BF4B-00C04F79EFBC}") = "VORTEX.UI", "src\VORTEX.UI\VORTEX.UI.csproj", "{24E5209F-4566-421B-94F2-60EAA42C754B}"
EndProject
Project("{FAE04EC0-301F-11D3-BF4B-00C04F79EFBC}") = "VORTEX.Database", "src\VORTEX.Database\VORTEX.Database.csproj", "{1F164204-2DD3-4CA8-AF4E-C45B79B6AD54}"
EndProject
Project("{FAE04EC0-301F-11D3-BF4B-00C04F79EFBC}") = "VORTEX.Services", "src\VORTEX.Services\VORTEX.Services.csproj", "{D6318C14-09ED-488B-AB59-B42F53C2305F}"
EndProject
Project("{FAE04EC0-301F-11D3-BF4B-00C04F79EFBC}") = "VORTEX.ViewModels", "src\VORTEX.ViewModels\VORTEX.ViewModels.csproj", "{991B02B1-F6CF-4689-A9BE-AFA844C8C739}"
EndProject
Global
	GlobalSection(SolutionConfigurationPlatforms) = preSolution
		Debug|Any CPU = Debug|Any CPU
		Release|Any CPU = Release|Any CPU
	EndGlobalSection
	GlobalSection(SolutionProperties) = preSolution
		HideSolutionNode = FALSE
	EndGlobalSection
	GlobalSection(ProjectConfigurationPlatforms) = postSolution
		{20F41827-C553-4666-BC20-A1CA87C03D24}.Debug|Any CPU.ActiveCfg = Debug|Any CPU
		{20F41827-C553-4666-BC20-A1CA87C03D24}.Debug|Any CPU.Build.0 = Debug|Any CPU
		{20F41827-C553-4666-BC20-A1CA87C03D24}.Release|Any CPU.ActiveCfg = Release|Any CPU
		{20F41827-C553-4666-BC20-A1CA87C03D24}.Release|Any CPU.Build.0 = Release|Any CPU
		{A5E86800-482D-4F48-85B9-B5395EC7C7A5}.Debug|Any CPU.ActiveCfg = Debug|Any CPU
		{A5E86800-482D-4F48-85B9-B5395EC7C7A5}.Debug|Any CPU.Build.0 = Debug|Any CPU
		{A5E86800-482D-4F48-85B9-B5395EC7C7A5}.Release|Any CPU.ActiveCfg = Release|Any CPU
		{A5E86800-482D-4F48-85B9-B5395EC7C7A5}.Release|Any CPU.Build.0 = Release|Any CPU
		{24E5209F-4566-421B-94F2-60EAA42C754B}.Debug|Any CPU.ActiveCfg = Debug|Any CPU
		{24E5209F-4566-421B-94F2-60EAA42C754B}.Debug|Any CPU.Build.0 = Debug|Any CPU
		{24E5209F-4566-421B-94F2-60EAA42C754B}.Release|Any CPU.ActiveCfg = Release|Any CPU
		{24E5209F-4566-421B-94F2-60EAA42C754B}.Release|Any CPU.Build.0 = Release|Any CPU
		{1F164204-2DD3-4CA8-AF4E-C45B79B6AD54}.Debug|Any CPU.ActiveCfg = Debug|Any CPU
		{1F164204-2DD3-4CA8-AF4E-C45B79B6AD54}.Debug|Any CPU.Build.0 = Debug|Any CPU
		{1F164204-2DD3-4CA8-AF4E-C45B79B6AD54}.Release|Any CPU.ActiveCfg = Release|Any CPU
		{1F164204-2DD3-4CA8-AF4E-C45B79B6AD54}.Release|Any CPU.Build.0 = Release|Any CPU
		{D6318C14-09ED-488B-AB59-B42F53C2305F}.Debug|Any CPU.ActiveCfg = Debug|Any CPU
		{D6318C14-09ED-488B-AB59-B42F53C2305F}.Debug|Any CPU.Build.0 = Debug|Any CPU
		{D6318C14-09ED-488B-AB59-B42F53C2305F}.Release|Any CPU.ActiveCfg = Release|Any CPU
		{D6318C14-09ED-488B-AB59-B42F53C2305F}.Release|Any CPU.Build.0 = Release|Any CPU
		{991B02B1-F6CF-4689-A9BE-AFA844C8C739}.Debug|Any CPU.ActiveCfg = Debug|Any CPU
		{991B02B1-F6CF-4689-A9BE-AFA844C8C739}.Debug|Any CPU.Build.0 = Debug|Any CPU
		{991B02B1-F6CF-4689-A9BE-AFA844C8C739}.Release|Any CPU.ActiveCfg = Release|Any CPU
		{991B02B1-F6CF-4689-A9BE-AFA844C8C739}.Release|Any CPU.Build.0 = Release|Any CPU
	EndGlobalSection
	GlobalSection(NestedProjects) = preSolution
		{20F41827-C553-4666-BC20-A1CA87C03D24} = {E306EEC9-F1FB-437F-8796-24199F067802}
		{A5E86800-482D-4F48-85B9-B5395EC7C7A5} = {E306EEC9-F1FB-437F-8796-24199F067802}
		{24E5209F-4566-421B-94F2-60EAA42C754B} = {E306EEC9-F1FB-437F-8796-24199F067802}
		{1F164204-2DD3-4CA8-AF4E-C45B79B6AD54} = {E306EEC9-F1FB-437F-8796-24199F067802}
		{D6318C14-09ED-488B-AB59-B42F53C2305F} = {E306EEC9-F1FB-437F-8796-24199F067802}
		{991B02B1-F6CF-4689-A9BE-AFA844C8C739} = {E306EEC9-F1FB-437F-8796-24199F067802}
	EndGlobalSection
EndGlobal
